
Microsoft Visual Studio Solution File, Format Version 12.00
# Visual Studio 15
Project("{FAE04EC0-301F-11D3-BF4B-00C04F79EFBC}") = "RainStickStudio.Plugins", "RainStickStudio.Plugins.csproj", "{9EF9C1B7-E14E-BA92-0963-0C1A3D1EF9CB}"
EndProject
Project("{FAE04EC0-301F-11D3-BF4B-00C04F79EFBC}") = "RainStickStudio", "RainStickStudio.csproj", "{741F4697-8330-335A-73D3-A4FAB04CED26}"
EndProject
Project("{FAE04EC0-301F-11D3-BF4B-00C04F79EFBC}") = "RainStickStudio.Editor.Plugins", "RainStickStudio.Editor.Plugins.csproj", "{1AE738DE-F351-104E-724B-E93F1199028F}"
EndProject
Project("{FAE04EC0-301F-11D3-BF4B-00C04F79EFBC}") = "RainStickStudio.Editor", "RainStickStudio.Editor.csproj", "{F0D3C35E-566A-9D2B-1844-169AFA6ABC0D}"
EndProject
Global
	GlobalSection(SolutionConfigurationPlatforms) = preSolution
		Debug|Any CPU = Debug|Any CPU
		Release|Any CPU = Release|Any CPU
	EndGlobalSection
	GlobalSection(ProjectConfigurationPlatforms) = postSolution
		{9EF9C1B7-E14E-BA92-0963-0C1A3D1EF9CB}.Debug|Any CPU.ActiveCfg = Debug|Any CPU
		{9EF9C1B7-E14E-BA92-0963-0C1A3D1EF9CB}.Debug|Any CPU.Build.0 = Debug|Any CPU
		{9EF9C1B7-E14E-BA92-0963-0C1A3D1EF9CB}.Release|Any CPU.ActiveCfg = Release|Any CPU
		{9EF9C1B7-E14E-BA92-0963-0C1A3D1EF9CB}.Release|Any CPU.Build.0 = Release|Any CPU
		{741F4697-8330-335A-73D3-A4FAB04CED26}.Debug|Any CPU.ActiveCfg = Debug|Any CPU
		{741F4697-8330-335A-73D3-A4FAB04CED26}.Debug|Any CPU.Build.0 = Debug|Any CPU
		{741F4697-8330-335A-73D3-A4FAB04CED26}.Release|Any CPU.ActiveCfg = Release|Any CPU
		{741F4697-8330-335A-73D3-A4FAB04CED26}.Release|Any CPU.Build.0 = Release|Any CPU
		{1AE738DE-F351-104E-724B-E93F1199028F}.Debug|Any CPU.ActiveCfg = Debug|Any CPU
		{1AE738DE-F351-104E-724B-E93F1199028F}.Debug|Any CPU.Build.0 = Debug|Any CPU
		{1AE738DE-F351-104E-724B-E93F1199028F}.Release|Any CPU.ActiveCfg = Release|Any CPU
		{1AE738DE-F351-104E-724B-E93F1199028F}.Release|Any CPU.Build.0 = Release|Any CPU
		{F0D3C35E-566A-9D2B-1844-169AFA6ABC0D}.Debug|Any CPU.ActiveCfg = Debug|Any CPU
		{F0D3C35E-566A-9D2B-1844-169AFA6ABC0D}.Debug|Any CPU.Build.0 = Debug|Any CPU
		{F0D3C35E-566A-9D2B-1844-169AFA6ABC0D}.Release|Any CPU.ActiveCfg = Release|Any CPU
		{F0D3C35E-566A-9D2B-1844-169AFA6ABC0D}.Release|Any CPU.Build.0 = Release|Any CPU
	EndGlobalSection
	GlobalSection(SolutionProperties) = preSolution
		HideSolutionNode = FALSE
	EndGlobalSection
EndGlobal
