
Microsoft Visual Studio Solution File, Format Version 11.00
# Visual Studio 2010
Project("{FAE04EC0-301F-11D3-BF4B-00C04F79EFBC}") = "RainStick", "Assembly-CSharp.csproj", "{BA292AC9-558B-36B5-2D4F-43A8D309797B}"
EndProject
Project("{FAE04EC0-301F-11D3-BF4B-00C04F79EFBC}") = "RainStick", "Assembly-CSharp-firstpass.csproj", "{3672F696-299E-BCA3-B451-C5BA885F825C}"
EndProject
Project("{FAE04EC0-301F-11D3-BF4B-00C04F79EFBC}") = "RainStick", "Assembly-CSharp-Editor-firstpass.csproj", "{CAA8C3A5-7D96-4FFE-6F24-744999BC2162}"
EndProject
Global
	GlobalSection(SolutionConfigurationPlatforms) = preSolution
		Debug|Any CPU = Debug|Any CPU
		Release|Any CPU = Release|Any CPU
	EndGlobalSection
	GlobalSection(ProjectConfigurationPlatforms) = postSolution
		{BA292AC9-558B-36B5-2D4F-43A8D309797B}.Debug|Any CPU.ActiveCfg = Debug|Any CPU
		{BA292AC9-558B-36B5-2D4F-43A8D309797B}.Debug|Any CPU.Build.0 = Debug|Any CPU
		{BA292AC9-558B-36B5-2D4F-43A8D309797B}.Release|Any CPU.ActiveCfg = Release|Any CPU
		{BA292AC9-558B-36B5-2D4F-43A8D309797B}.Release|Any CPU.Build.0 = Release|Any CPU
		{3672F696-299E-BCA3-B451-C5BA885F825C}.Debug|Any CPU.ActiveCfg = Debug|Any CPU
		{3672F696-299E-BCA3-B451-C5BA885F825C}.Debug|Any CPU.Build.0 = Debug|Any CPU
		{3672F696-299E-BCA3-B451-C5BA885F825C}.Release|Any CPU.ActiveCfg = Release|Any CPU
		{3672F696-299E-BCA3-B451-C5BA885F825C}.Release|Any CPU.Build.0 = Release|Any CPU
		{CAA8C3A5-7D96-4FFE-6F24-744999BC2162}.Debug|Any CPU.ActiveCfg = Debug|Any CPU
		{CAA8C3A5-7D96-4FFE-6F24-744999BC2162}.Debug|Any CPU.Build.0 = Debug|Any CPU
		{CAA8C3A5-7D96-4FFE-6F24-744999BC2162}.Release|Any CPU.ActiveCfg = Release|Any CPU
		{CAA8C3A5-7D96-4FFE-6F24-744999BC2162}.Release|Any CPU.Build.0 = Release|Any CPU
	EndGlobalSection
	GlobalSection(SolutionProperties) = preSolution
		HideSolutionNode = FALSE
	EndGlobalSection
	GlobalSection(MonoDevelopProperties) = preSolution
		StartupItem = Assembly-CSharp.csproj
	EndGlobalSection
EndGlobal
