
Microsoft Visual Studio Solution File, Format Version 12.00
# Visual Studio 15
Project("{FAE04EC0-301F-11D3-BF4B-00C04F79EFBC}") = "RainStick", "RainStick.csproj", "{A974EFA2-6DC3-718F-730B-CACC0A0F63E4}"
EndProject
Project("{FAE04EC0-301F-11D3-BF4B-00C04F79EFBC}") = "RainStick.Plugins", "RainStick.Plugins.csproj", "{91CF0A24-F852-388B-DB1A-84C8889CDB0F}"
EndProject
Project("{FAE04EC0-301F-11D3-BF4B-00C04F79EFBC}") = "RainStick.Editor.Plugins", "RainStick.Editor.Plugins.csproj", "{87423AFF-DD0D-4818-9F9F-DD4952FADEBE}"
EndProject
Global
	GlobalSection(SolutionConfigurationPlatforms) = preSolution
		Debug|Any CPU = Debug|Any CPU
		Release|Any CPU = Release|Any CPU
	EndGlobalSection
	GlobalSection(ProjectConfigurationPlatforms) = postSolution
		{A974EFA2-6DC3-718F-730B-CACC0A0F63E4}.Debug|Any CPU.ActiveCfg = Debug|Any CPU
		{A974EFA2-6DC3-718F-730B-CACC0A0F63E4}.Debug|Any CPU.Build.0 = Debug|Any CPU
		{A974EFA2-6DC3-718F-730B-CACC0A0F63E4}.Release|Any CPU.ActiveCfg = Release|Any CPU
		{A974EFA2-6DC3-718F-730B-CACC0A0F63E4}.Release|Any CPU.Build.0 = Release|Any CPU
		{91CF0A24-F852-388B-DB1A-84C8889CDB0F}.Debug|Any CPU.ActiveCfg = Debug|Any CPU
		{91CF0A24-F852-388B-DB1A-84C8889CDB0F}.Debug|Any CPU.Build.0 = Debug|Any CPU
		{91CF0A24-F852-388B-DB1A-84C8889CDB0F}.Release|Any CPU.ActiveCfg = Release|Any CPU
		{91CF0A24-F852-388B-DB1A-84C8889CDB0F}.Release|Any CPU.Build.0 = Release|Any CPU
		{87423AFF-DD0D-4818-9F9F-DD4952FADEBE}.Debug|Any CPU.ActiveCfg = Debug|Any CPU
		{87423AFF-DD0D-4818-9F9F-DD4952FADEBE}.Debug|Any CPU.Build.0 = Debug|Any CPU
		{87423AFF-DD0D-4818-9F9F-DD4952FADEBE}.Release|Any CPU.ActiveCfg = Release|Any CPU
		{87423AFF-DD0D-4818-9F9F-DD4952FADEBE}.Release|Any CPU.Build.0 = Release|Any CPU
	EndGlobalSection
	GlobalSection(SolutionProperties) = preSolution
		HideSolutionNode = FALSE
	EndGlobalSection
EndGlobal
